
Microsoft Visual Studio Solution File, Format Version 12.00
# Visual Studio Version 17
VisualStudioVersion = 17.2.32526.322
MinimumVisualStudioVersion = 10.0.40219.1
Project("{FAE04EC0-301F-11D3-BF4B-00C04F79EFBC}") = "SimpleOscBot", "SimpleOscBot.csproj", "{0394070B-A9C2-445D-8657-0E633AF1F8CF}"
EndProject
Global
	GlobalSection(SolutionConfigurationPlatforms) = preSolution
		Debug|Any CPU = Debug|Any CPU
		Release|Any CPU = Release|Any CPU
	EndGlobalSection
	GlobalSection(ProjectConfigurationPlatforms) = postSolution
		{0394070B-A9C2-445D-8657-0E633AF1F8CF}.Debug|Any CPU.ActiveCfg = Debug|Any CPU
		{0394070B-A9C2-445D-8657-0E633AF1F8CF}.Debug|Any CPU.Build.0 = Debug|Any CPU
		{0394070B-A9C2-445D-8657-0E633AF1F8CF}.Release|Any CPU.ActiveCfg = Release|Any CPU
		{0394070B-A9C2-445D-8657-0E633AF1F8CF}.Release|Any CPU.Build.0 = Release|Any CPU
	EndGlobalSection
	GlobalSection(SolutionProperties) = preSolution
		HideSolutionNode = FALSE
	EndGlobalSection
	GlobalSection(ExtensibilityGlobals) = postSolution
		SolutionGuid = {F48F7CD0-5E6C-499C-99A4-AFC8B360D589}
	EndGlobalSection
EndGlobal
